{
  "name": "relay-site",
  "version": "1.0.0",
  "lockfileVersion": 2,
  "requires": true,
  "packages": {
    "": {
      "name": "relay-site",
      "version": "1.0.0",
      "license": "ISC",
      "dependencies": {
        "water.css": "^2.1.1"
      }
    },
    "node_modules/water.css": {
      "version": "2.1.1",
      "resolved": "https://registry.npmjs.org/water.css/-/water.css-2.1.1.tgz",
      "integrity": "sha512-gkO5byC+pZ7ndEV18hs/RmxKoDtEZXx06tZU4ocI3IBdv4xV64tlhjIFbDjurysRnNkiy2oQTr8PakRyzZWPJw=="
    }
  },
  "dependencies": {
    "water.css": {
      "version": "2.1.1",
      "resolved": "https://registry.npmjs.org/water.css/-/water.css-2.1.1.tgz",
      "integrity": "sha512-gkO5byC+pZ7ndEV18hs/RmxKoDtEZXx06tZU4ocI3IBdv4xV64tlhjIFbDjurysRnNkiy2oQTr8PakRyzZWPJw=="
    }
  }
}
